# THIS IS AN AUTOGENERATED FILE. DO NOT EDIT THIS FILE DIRECTLY.
# yarn lockfile v1


"@vue/devtools-api@^6.5.0":
  version "6.5.0"
  resolved "https://registry.yarnpkg.com/@vue/devtools-api/-/devtools-api-6.5.0.tgz#98b99425edee70b4c992692628fa1ea2c1e57d07"
  integrity sha512-o9KfBeaBmCKl10usN4crU53fYtC1r7jJwdGKjPT24t348rHxgfpZ0xL3Xm/gLUYnc0oTp8LAmrxOeLyu6tbk2Q==

material-design-icons-iconfont@^6.7.0:
  version "6.7.0"
  resolved "https://registry.yarnpkg.com/material-design-icons-iconfont/-/material-design-icons-iconfont-6.7.0.tgz#55cf0f3d7e4c76e032855b7e810b6e30535eff3c"
  integrity sha512-lSj71DgVv20kO0kGbs42icDzbRot61gEDBLQACzkUuznRQBUYmbxzEkGU6dNBb5fRWHMaScYlAXX96HQ4/cJWA==

pocketbase@^0.15.1:
  version "0.15.1"
  resolved "https://registry.yarnpkg.com/pocketbase/-/pocketbase-0.15.1.tgz#8ca8dc5a5f4a291dfc9431d6c077b38f0d51b762"
  integrity sha512-iOj9bCP7m/kQDhkJZiLXWYNYXwZg+MeCFwJeivM46Uj4QwqzzQPeZH195TPicnj2VwxiSkziVnDNke1Mc9VEaA==

vue-router@4:
  version "4.2.2"
  resolved "https://registry.yarnpkg.com/vue-router/-/vue-router-4.2.2.tgz#b0097b66d89ca81c0986be03da244c7b32a4fd81"
  integrity sha512-cChBPPmAflgBGmy3tBsjeoe3f3VOSG6naKyY5pjtrqLGbNEXdzCigFUHgBvp9e3ysAtFtEx7OLqcSDh/1Cq2TQ==
  dependencies:
    "@vue/devtools-api" "^6.5.0"

vuetify@^3.3.2:
  version "3.3.2"
  resolved "https://registry.yarnpkg.com/vuetify/-/vuetify-3.3.2.tgz#8682486eb36b5d9d64c8f1c2bdfe36119f6ffbc6"
  integrity sha512-m/R42di8FlyMaoktUe6k8JbF+A0vbJMpjQrZK7nH1ptK8VinVVQcaw+9m94wlO74IMR+LubxLh5t9I2ZtVCvjw==
